
Microsoft Visual Studio Solution File, Format Version 12.00
# Visual Studio Version 17
VisualStudioVersion = 17.0.31410.414
MinimumVisualStudioVersion = 10.0.40219.1
Project("{2150E333-8FDC-42A3-9474-1A3956D46DE8}") = "Core", "Core", "{C7351F0B-E10D-419E-B3CA-A89EAAD1ED18}"
EndProject
Project("{2150E333-8FDC-42A3-9474-1A3956D46DE8}") = "Functions", "Functions", "{5C73A5EF-AD2F-4861-96A7-69FC6D1FE0AD}"
EndProject
Project("{2150E333-8FDC-42A3-9474-1A3956D46DE8}") = "Tests", "Tests", "{54AF87DF-07E5-4A44-9149-CF1E6D1ED075}"
EndProject
Project("{9A19103F-16F7-4668-BE54-9A1E7A4F7556}") = "Authorization.MicroService", "Functions\Authorization.MicroService\Authorization.MicroService.csproj", "{1DE4D899-3415-44F8-95E7-84D2005D1867}"
EndProject
Project("{2150E333-8FDC-42A3-9474-1A3956D46DE8}") = "ControlGifts", "ControlGifts", "{2402D3D8-8F27-41CB-9412-8B3B79402F4D}"
EndProject
Project("{9A19103F-16F7-4668-BE54-9A1E7A4F7556}") = "ControlGift.Business", "Functions\ControlGifts\ControlGift.Business\ControlGift.Business.csproj", "{ACCFE20E-95A8-4E66-8645-41D844B7759C}"
EndProject
Project("{9A19103F-16F7-4668-BE54-9A1E7A4F7556}") = "ControlGifts.MicroService", "Functions\ControlGifts\ControlGifts.MicroService\ControlGifts.MicroService.csproj", "{CC0FB3D3-7935-45AF-9FD4-BD080A03EC7E}"
EndProject
Project("{2150E333-8FDC-42A3-9474-1A3956D46DE8}") = "ResolveCasesSiver", "ResolveCasesSiver", "{B4B9D371-E163-4FFE-B5B6-74FBB4AAF623}"
EndProject
Project("{9A19103F-16F7-4668-BE54-9A1E7A4F7556}") = "ResolveCasesSiver.Business", "Functions\ResolveCaseSiver\ResolveCasesSiver.Business\ResolveCasesSiver.Business.csproj", "{BC5F2328-580F-4648-971B-891233D4C490}"
EndProject
Project("{9A19103F-16F7-4668-BE54-9A1E7A4F7556}") = "ResolveCasesSiver.MicroService", "Functions\ResolveCaseSiver\ResolveCasesSiver.MicroService\ResolveCasesSiver.MicroService.csproj", "{8553372B-A0F9-4CFE-A010-3CE2E6FC56A1}"
EndProject
Project("{2150E333-8FDC-42A3-9474-1A3956D46DE8}") = "BeneficiariesFocusMap", "BeneficiariesFocusMap", "{037F3244-7AC2-405F-88AB-201051DA1EB7}"
EndProject
Project("{2150E333-8FDC-42A3-9474-1A3956D46DE8}") = "Investments", "Investments", "{667DA225-5797-40AF-89B4-961BA84702EE}"
EndProject
Project("{2150E333-8FDC-42A3-9474-1A3956D46DE8}") = "ReturnsASR", "ReturnsASR", "{3DE3744D-6EDE-4115-BD74-D554A68A62F3}"
EndProject
Project("{9A19103F-16F7-4668-BE54-9A1E7A4F7556}") = "Core.Business", "Core\Core.Business\Core.Business.csproj", "{0BFAE67C-DB72-4F2A-B450-B35F6803DFBE}"
EndProject
Project("{9A19103F-16F7-4668-BE54-9A1E7A4F7556}") = "BeneficiariesFocusMap.Business", "Functions\BeneficiariesFocusMap\BeneficiariesFocusMap.Business\BeneficiariesFocusMap.Business.csproj", "{333E3043-D3C2-4E98-8198-95EB05D54121}"
EndProject
Project("{9A19103F-16F7-4668-BE54-9A1E7A4F7556}") = "BeneficiariesFocusMap.MicroService", "Functions\BeneficiariesFocusMap\BeneficiariesFocusMap.MicroService\BeneficiariesFocusMap.MicroService.csproj", "{00F51CD9-47CC-4888-B548-FB5352F4E3AF}"
EndProject
Project("{9A19103F-16F7-4668-BE54-9A1E7A4F7556}") = "ReturnsASR.Business", "Functions\Investments\ReturnsASR\ReturnsASR.Business\ReturnsASR.Business.csproj", "{662089B4-C0D6-44A5-8D3F-017BB14022D6}"
EndProject
Project("{9A19103F-16F7-4668-BE54-9A1E7A4F7556}") = "ReturnsASR.MicroService", "Functions\Investments\ReturnsASR\ReturnsASR.MicroService\ReturnsASR.MicroService.csproj", "{3AEDDB06-E496-42EC-AA35-297182789E33}"
EndProject
Project("{9A19103F-16F7-4668-BE54-9A1E7A4F7556}") = "Core.AuthConfig", "Core\Core.AuthConfig\Core.AuthConfig.csproj", "{3DC98F81-A006-4130-BFB5-CD1F7D159C27}"
EndProject
Project("{9A19103F-16F7-4668-BE54-9A1E7A4F7556}") = "Core.SwaggerConfig", "Core\Core.SwaggerConfig\Core.SwaggerConfig.csproj", "{DCA89F4A-D590-4FAD-97BA-C601762F0BB9}"
EndProject
Project("{2150E333-8FDC-42A3-9474-1A3956D46DE8}") = "Databases", "Databases", "{F9A65936-B911-4524-8191-4E46306C553F}"
EndProject
Project("{2150E333-8FDC-42A3-9474-1A3956D46DE8}") = "DbSam", "DbSam", "{40023741-8D7F-429E-ADBF-1FC8442D6DF6}"
EndProject
Project("{9A19103F-16F7-4668-BE54-9A1E7A4F7556}") = "DbSam.Migrations.MicroService", "Databases\DbSam\DbSam.Migrations.MicroService\DbSam.Migrations.MicroService.csproj", "{FDF26C9F-571D-42EB-98CE-DE785539B561}"
EndProject
Project("{9A19103F-16F7-4668-BE54-9A1E7A4F7556}") = "Core.Data", "Databases\DbSam\Core.Data\Core.Data.csproj", "{F743F37C-5376-4827-9C00-DF379ECC209E}"
EndProject
Project("{9A19103F-16F7-4668-BE54-9A1E7A4F7556}") = "Core.Data.MigrationsDb", "Databases\DbSam\Core.Data.Migration\Core.Data.MigrationsDb.csproj", "{C44FA533-B0FF-4C08-8D1A-DC5FA9564B09}"
EndProject
Project("{9A19103F-16F7-4668-BE54-9A1E7A4F7556}") = "Core.DataDb", "Core\Core.Data\Core.DataDb.csproj", "{A3FE340A-8A97-4444-8823-4269640AFBB5}"
EndProject
Global
	GlobalSection(SolutionConfigurationPlatforms) = preSolution
		Debug|Any CPU = Debug|Any CPU
		Release|Any CPU = Release|Any CPU
	EndGlobalSection
	GlobalSection(ProjectConfigurationPlatforms) = postSolution
		{1DE4D899-3415-44F8-95E7-84D2005D1867}.Debug|Any CPU.ActiveCfg = Debug|Any CPU
		{1DE4D899-3415-44F8-95E7-84D2005D1867}.Debug|Any CPU.Build.0 = Debug|Any CPU
		{1DE4D899-3415-44F8-95E7-84D2005D1867}.Release|Any CPU.ActiveCfg = Release|Any CPU
		{1DE4D899-3415-44F8-95E7-84D2005D1867}.Release|Any CPU.Build.0 = Release|Any CPU
		{ACCFE20E-95A8-4E66-8645-41D844B7759C}.Debug|Any CPU.ActiveCfg = Debug|Any CPU
		{ACCFE20E-95A8-4E66-8645-41D844B7759C}.Debug|Any CPU.Build.0 = Debug|Any CPU
		{ACCFE20E-95A8-4E66-8645-41D844B7759C}.Release|Any CPU.ActiveCfg = Release|Any CPU
		{ACCFE20E-95A8-4E66-8645-41D844B7759C}.Release|Any CPU.Build.0 = Release|Any CPU
		{CC0FB3D3-7935-45AF-9FD4-BD080A03EC7E}.Debug|Any CPU.ActiveCfg = Debug|Any CPU
		{CC0FB3D3-7935-45AF-9FD4-BD080A03EC7E}.Debug|Any CPU.Build.0 = Debug|Any CPU
		{CC0FB3D3-7935-45AF-9FD4-BD080A03EC7E}.Release|Any CPU.ActiveCfg = Release|Any CPU
		{CC0FB3D3-7935-45AF-9FD4-BD080A03EC7E}.Release|Any CPU.Build.0 = Release|Any CPU
		{BC5F2328-580F-4648-971B-891233D4C490}.Debug|Any CPU.ActiveCfg = Debug|Any CPU
		{BC5F2328-580F-4648-971B-891233D4C490}.Debug|Any CPU.Build.0 = Debug|Any CPU
		{BC5F2328-580F-4648-971B-891233D4C490}.Release|Any CPU.ActiveCfg = Release|Any CPU
		{BC5F2328-580F-4648-971B-891233D4C490}.Release|Any CPU.Build.0 = Release|Any CPU
		{8553372B-A0F9-4CFE-A010-3CE2E6FC56A1}.Debug|Any CPU.ActiveCfg = Debug|Any CPU
		{8553372B-A0F9-4CFE-A010-3CE2E6FC56A1}.Debug|Any CPU.Build.0 = Debug|Any CPU
		{8553372B-A0F9-4CFE-A010-3CE2E6FC56A1}.Release|Any CPU.ActiveCfg = Release|Any CPU
		{8553372B-A0F9-4CFE-A010-3CE2E6FC56A1}.Release|Any CPU.Build.0 = Release|Any CPU
		{0BFAE67C-DB72-4F2A-B450-B35F6803DFBE}.Debug|Any CPU.ActiveCfg = Debug|Any CPU
		{0BFAE67C-DB72-4F2A-B450-B35F6803DFBE}.Debug|Any CPU.Build.0 = Debug|Any CPU
		{0BFAE67C-DB72-4F2A-B450-B35F6803DFBE}.Release|Any CPU.ActiveCfg = Release|Any CPU
		{0BFAE67C-DB72-4F2A-B450-B35F6803DFBE}.Release|Any CPU.Build.0 = Release|Any CPU
		{333E3043-D3C2-4E98-8198-95EB05D54121}.Debug|Any CPU.ActiveCfg = Debug|Any CPU
		{333E3043-D3C2-4E98-8198-95EB05D54121}.Debug|Any CPU.Build.0 = Debug|Any CPU
		{333E3043-D3C2-4E98-8198-95EB05D54121}.Release|Any CPU.ActiveCfg = Release|Any CPU
		{333E3043-D3C2-4E98-8198-95EB05D54121}.Release|Any CPU.Build.0 = Release|Any CPU
		{00F51CD9-47CC-4888-B548-FB5352F4E3AF}.Debug|Any CPU.ActiveCfg = Debug|Any CPU
		{00F51CD9-47CC-4888-B548-FB5352F4E3AF}.Debug|Any CPU.Build.0 = Debug|Any CPU
		{00F51CD9-47CC-4888-B548-FB5352F4E3AF}.Release|Any CPU.ActiveCfg = Release|Any CPU
		{00F51CD9-47CC-4888-B548-FB5352F4E3AF}.Release|Any CPU.Build.0 = Release|Any CPU
		{662089B4-C0D6-44A5-8D3F-017BB14022D6}.Debug|Any CPU.ActiveCfg = Debug|Any CPU
		{662089B4-C0D6-44A5-8D3F-017BB14022D6}.Debug|Any CPU.Build.0 = Debug|Any CPU
		{662089B4-C0D6-44A5-8D3F-017BB14022D6}.Release|Any CPU.ActiveCfg = Release|Any CPU
		{662089B4-C0D6-44A5-8D3F-017BB14022D6}.Release|Any CPU.Build.0 = Release|Any CPU
		{3AEDDB06-E496-42EC-AA35-297182789E33}.Debug|Any CPU.ActiveCfg = Debug|Any CPU
		{3AEDDB06-E496-42EC-AA35-297182789E33}.Debug|Any CPU.Build.0 = Debug|Any CPU
		{3AEDDB06-E496-42EC-AA35-297182789E33}.Release|Any CPU.ActiveCfg = Release|Any CPU
		{3AEDDB06-E496-42EC-AA35-297182789E33}.Release|Any CPU.Build.0 = Release|Any CPU
		{3DC98F81-A006-4130-BFB5-CD1F7D159C27}.Debug|Any CPU.ActiveCfg = Debug|Any CPU
		{3DC98F81-A006-4130-BFB5-CD1F7D159C27}.Debug|Any CPU.Build.0 = Debug|Any CPU
		{3DC98F81-A006-4130-BFB5-CD1F7D159C27}.Release|Any CPU.ActiveCfg = Release|Any CPU
		{3DC98F81-A006-4130-BFB5-CD1F7D159C27}.Release|Any CPU.Build.0 = Release|Any CPU
		{DCA89F4A-D590-4FAD-97BA-C601762F0BB9}.Debug|Any CPU.ActiveCfg = Debug|Any CPU
		{DCA89F4A-D590-4FAD-97BA-C601762F0BB9}.Debug|Any CPU.Build.0 = Debug|Any CPU
		{DCA89F4A-D590-4FAD-97BA-C601762F0BB9}.Release|Any CPU.ActiveCfg = Release|Any CPU
		{DCA89F4A-D590-4FAD-97BA-C601762F0BB9}.Release|Any CPU.Build.0 = Release|Any CPU
		{FDF26C9F-571D-42EB-98CE-DE785539B561}.Debug|Any CPU.ActiveCfg = Debug|Any CPU
		{FDF26C9F-571D-42EB-98CE-DE785539B561}.Debug|Any CPU.Build.0 = Debug|Any CPU
		{FDF26C9F-571D-42EB-98CE-DE785539B561}.Release|Any CPU.ActiveCfg = Release|Any CPU
		{FDF26C9F-571D-42EB-98CE-DE785539B561}.Release|Any CPU.Build.0 = Release|Any CPU
		{F743F37C-5376-4827-9C00-DF379ECC209E}.Debug|Any CPU.ActiveCfg = Debug|Any CPU
		{F743F37C-5376-4827-9C00-DF379ECC209E}.Debug|Any CPU.Build.0 = Debug|Any CPU
		{F743F37C-5376-4827-9C00-DF379ECC209E}.Release|Any CPU.ActiveCfg = Release|Any CPU
		{F743F37C-5376-4827-9C00-DF379ECC209E}.Release|Any CPU.Build.0 = Release|Any CPU
		{C44FA533-B0FF-4C08-8D1A-DC5FA9564B09}.Debug|Any CPU.ActiveCfg = Debug|Any CPU
		{C44FA533-B0FF-4C08-8D1A-DC5FA9564B09}.Debug|Any CPU.Build.0 = Debug|Any CPU
		{C44FA533-B0FF-4C08-8D1A-DC5FA9564B09}.Release|Any CPU.ActiveCfg = Release|Any CPU
		{C44FA533-B0FF-4C08-8D1A-DC5FA9564B09}.Release|Any CPU.Build.0 = Release|Any CPU
		{A3FE340A-8A97-4444-8823-4269640AFBB5}.Debug|Any CPU.ActiveCfg = Debug|Any CPU
		{A3FE340A-8A97-4444-8823-4269640AFBB5}.Debug|Any CPU.Build.0 = Debug|Any CPU
		{A3FE340A-8A97-4444-8823-4269640AFBB5}.Release|Any CPU.ActiveCfg = Release|Any CPU
		{A3FE340A-8A97-4444-8823-4269640AFBB5}.Release|Any CPU.Build.0 = Release|Any CPU
	EndGlobalSection
	GlobalSection(SolutionProperties) = preSolution
		HideSolutionNode = FALSE
	EndGlobalSection
	GlobalSection(NestedProjects) = preSolution
		{1DE4D899-3415-44F8-95E7-84D2005D1867} = {5C73A5EF-AD2F-4861-96A7-69FC6D1FE0AD}
		{2402D3D8-8F27-41CB-9412-8B3B79402F4D} = {5C73A5EF-AD2F-4861-96A7-69FC6D1FE0AD}
		{ACCFE20E-95A8-4E66-8645-41D844B7759C} = {2402D3D8-8F27-41CB-9412-8B3B79402F4D}
		{CC0FB3D3-7935-45AF-9FD4-BD080A03EC7E} = {2402D3D8-8F27-41CB-9412-8B3B79402F4D}
		{B4B9D371-E163-4FFE-B5B6-74FBB4AAF623} = {5C73A5EF-AD2F-4861-96A7-69FC6D1FE0AD}
		{BC5F2328-580F-4648-971B-891233D4C490} = {B4B9D371-E163-4FFE-B5B6-74FBB4AAF623}
		{8553372B-A0F9-4CFE-A010-3CE2E6FC56A1} = {B4B9D371-E163-4FFE-B5B6-74FBB4AAF623}
		{037F3244-7AC2-405F-88AB-201051DA1EB7} = {5C73A5EF-AD2F-4861-96A7-69FC6D1FE0AD}
		{667DA225-5797-40AF-89B4-961BA84702EE} = {5C73A5EF-AD2F-4861-96A7-69FC6D1FE0AD}
		{3DE3744D-6EDE-4115-BD74-D554A68A62F3} = {667DA225-5797-40AF-89B4-961BA84702EE}
		{0BFAE67C-DB72-4F2A-B450-B35F6803DFBE} = {C7351F0B-E10D-419E-B3CA-A89EAAD1ED18}
		{333E3043-D3C2-4E98-8198-95EB05D54121} = {037F3244-7AC2-405F-88AB-201051DA1EB7}
		{00F51CD9-47CC-4888-B548-FB5352F4E3AF} = {037F3244-7AC2-405F-88AB-201051DA1EB7}
		{662089B4-C0D6-44A5-8D3F-017BB14022D6} = {3DE3744D-6EDE-4115-BD74-D554A68A62F3}
		{3AEDDB06-E496-42EC-AA35-297182789E33} = {3DE3744D-6EDE-4115-BD74-D554A68A62F3}
		{3DC98F81-A006-4130-BFB5-CD1F7D159C27} = {C7351F0B-E10D-419E-B3CA-A89EAAD1ED18}
		{DCA89F4A-D590-4FAD-97BA-C601762F0BB9} = {C7351F0B-E10D-419E-B3CA-A89EAAD1ED18}
		{40023741-8D7F-429E-ADBF-1FC8442D6DF6} = {F9A65936-B911-4524-8191-4E46306C553F}
		{FDF26C9F-571D-42EB-98CE-DE785539B561} = {40023741-8D7F-429E-ADBF-1FC8442D6DF6}
		{F743F37C-5376-4827-9C00-DF379ECC209E} = {40023741-8D7F-429E-ADBF-1FC8442D6DF6}
		{C44FA533-B0FF-4C08-8D1A-DC5FA9564B09} = {40023741-8D7F-429E-ADBF-1FC8442D6DF6}
		{A3FE340A-8A97-4444-8823-4269640AFBB5} = {C7351F0B-E10D-419E-B3CA-A89EAAD1ED18}
	EndGlobalSection
	GlobalSection(ExtensibilityGlobals) = postSolution
		SolutionGuid = {9111D983-DAF8-4700-B3FB-1DC7024BE0CC}
	EndGlobalSection
EndGlobal
